
Microsoft Visual Studio Solution File, Format Version 12.00
# Visual Studio Version 16
VisualStudioVersion = 16.0.30204.135
MinimumVisualStudioVersion = 10.0.40219.1
Project("{FAE04EC0-301F-11D3-BF4B-00C04F79EFBC}") = "LPRecordPriceFinder", "LPRecordPriceFinder\LPRecordPriceFinder.csproj", "{B266038B-3308-40AD-B535-76AB467CB20D}"
EndProject
Global
	GlobalSection(SolutionConfigurationPlatforms) = preSolution
		Debug|Any CPU = Debug|Any CPU
		Release|Any CPU = Release|Any CPU
	EndGlobalSection
	GlobalSection(ProjectConfigurationPlatforms) = postSolution
		{B266038B-3308-40AD-B535-76AB467CB20D}.Debug|Any CPU.ActiveCfg = Debug|Any CPU
		{B266038B-3308-40AD-B535-76AB467CB20D}.Debug|Any CPU.Build.0 = Debug|Any CPU
		{B266038B-3308-40AD-B535-76AB467CB20D}.Release|Any CPU.ActiveCfg = Release|Any CPU
		{B266038B-3308-40AD-B535-76AB467CB20D}.Release|Any CPU.Build.0 = Release|Any CPU
	EndGlobalSection
	GlobalSection(SolutionProperties) = preSolution
		HideSolutionNode = FALSE
	EndGlobalSection
	GlobalSection(ExtensibilityGlobals) = postSolution
		SolutionGuid = {0E0F142D-E58E-4A14-8631-A33DFBC248E5}
	EndGlobalSection
EndGlobal
